
Microsoft Visual Studio Solution File, Format Version 12.00
# Visual Studio Version 16
VisualStudioVersion = 16.0.30309.148
MinimumVisualStudioVersion = 10.0.40219.1
Project("{FAE04EC0-301F-11D3-BF4B-00C04F79EFBC}") = "template", "template.csproj", "{EA126D41-DEA6-47CB-8CB7-CCA99952075C}"
EndProject
Global
	GlobalSection(SolutionConfigurationPlatforms) = preSolution
		Debug|Any CPU = Debug|Any CPU
		Release|Any CPU = Release|Any CPU
	EndGlobalSection
	GlobalSection(ProjectConfigurationPlatforms) = postSolution
		{EA126D41-DEA6-47CB-8CB7-CCA99952075C}.Debug|Any CPU.ActiveCfg = Debug|Any CPU
		{EA126D41-DEA6-47CB-8CB7-CCA99952075C}.Debug|Any CPU.Build.0 = Debug|Any CPU
		{EA126D41-DEA6-47CB-8CB7-CCA99952075C}.Release|Any CPU.ActiveCfg = Release|Any CPU
		{EA126D41-DEA6-47CB-8CB7-CCA99952075C}.Release|Any CPU.Build.0 = Release|Any CPU
	EndGlobalSection
	GlobalSection(SolutionProperties) = preSolution
		HideSolutionNode = FALSE
	EndGlobalSection
	GlobalSection(ExtensibilityGlobals) = postSolution
		SolutionGuid = {AEA7CBF8-5539-46C2-A6CB-6EA10421D38F}
	EndGlobalSection
EndGlobal
